
Microsoft Visual Studio Solution File, Format Version 12.00
# Visual Studio Version 17
VisualStudioVersion = 17.3.32804.467
MinimumVisualStudioVersion = 10.0.40219.1
Project("{8BC9CEB8-8B4A-11D0-8D11-00A0C91BC942}") = "BrainScan", "BrainScan\BrainScan.vcxproj", "{C1BAFC5E-2E63-417C-AA5B-BD8442926F33}"
EndProject
Project("{8BC9CEB8-8B4A-11D0-8D11-00A0C91BC942}") = "BrainScanTests", "BrainScanTests\BrainScanTests.vcxproj", "{C00DC976-F23B-42EF-B22A-64B6E73B97CF}"
EndProject
Global
	GlobalSection(SolutionConfigurationPlatforms) = preSolution
		Debug|x64 = Debug|x64
		Debug|x86 = Debug|x86
		Prod|x64 = Prod|x64
		Prod|x86 = Prod|x86
		Release|x64 = Release|x64
		Release|x86 = Release|x86
		TEST|x64 = TEST|x64
		TEST|x86 = TEST|x86
	EndGlobalSection
	GlobalSection(ProjectConfigurationPlatforms) = postSolution
		{C1BAFC5E-2E63-417C-AA5B-BD8442926F33}.Debug|x64.ActiveCfg = Debug|x64
		{C1BAFC5E-2E63-417C-AA5B-BD8442926F33}.Debug|x64.Build.0 = Debug|x64
		{C1BAFC5E-2E63-417C-AA5B-BD8442926F33}.Debug|x86.ActiveCfg = Debug|Win32
		{C1BAFC5E-2E63-417C-AA5B-BD8442926F33}.Debug|x86.Build.0 = Debug|Win32
		{C1BAFC5E-2E63-417C-AA5B-BD8442926F33}.Prod|x64.ActiveCfg = Prod|x64
		{C1BAFC5E-2E63-417C-AA5B-BD8442926F33}.Prod|x64.Build.0 = Prod|x64
		{C1BAFC5E-2E63-417C-AA5B-BD8442926F33}.Prod|x86.ActiveCfg = Prod|Win32
		{C1BAFC5E-2E63-417C-AA5B-BD8442926F33}.Prod|x86.Build.0 = Prod|Win32
		{C1BAFC5E-2E63-417C-AA5B-BD8442926F33}.Release|x64.ActiveCfg = Release|x64
		{C1BAFC5E-2E63-417C-AA5B-BD8442926F33}.Release|x64.Build.0 = Release|x64
		{C1BAFC5E-2E63-417C-AA5B-BD8442926F33}.Release|x86.ActiveCfg = Release|Win32
		{C1BAFC5E-2E63-417C-AA5B-BD8442926F33}.Release|x86.Build.0 = Release|Win32
		{C1BAFC5E-2E63-417C-AA5B-BD8442926F33}.TEST|x64.ActiveCfg = Static_lib|x64
		{C1BAFC5E-2E63-417C-AA5B-BD8442926F33}.TEST|x64.Build.0 = Static_lib|x64
		{C1BAFC5E-2E63-417C-AA5B-BD8442926F33}.TEST|x86.ActiveCfg = Static_lib|Win32
		{C1BAFC5E-2E63-417C-AA5B-BD8442926F33}.TEST|x86.Build.0 = Static_lib|Win32
		{C00DC976-F23B-42EF-B22A-64B6E73B97CF}.Debug|x64.ActiveCfg = Debug|x64
		{C00DC976-F23B-42EF-B22A-64B6E73B97CF}.Debug|x64.Build.0 = Debug|x64
		{C00DC976-F23B-42EF-B22A-64B6E73B97CF}.Debug|x86.ActiveCfg = Debug|Win32
		{C00DC976-F23B-42EF-B22A-64B6E73B97CF}.Debug|x86.Build.0 = Debug|Win32
		{C00DC976-F23B-42EF-B22A-64B6E73B97CF}.Prod|x64.ActiveCfg = Prod|x64
		{C00DC976-F23B-42EF-B22A-64B6E73B97CF}.Prod|x64.Build.0 = Prod|x64
		{C00DC976-F23B-42EF-B22A-64B6E73B97CF}.Prod|x86.ActiveCfg = Prod|Win32
		{C00DC976-F23B-42EF-B22A-64B6E73B97CF}.Prod|x86.Build.0 = Prod|Win32
		{C00DC976-F23B-42EF-B22A-64B6E73B97CF}.Release|x64.ActiveCfg = Release|x64
		{C00DC976-F23B-42EF-B22A-64B6E73B97CF}.Release|x64.Build.0 = Release|x64
		{C00DC976-F23B-42EF-B22A-64B6E73B97CF}.Release|x86.ActiveCfg = Release|Win32
		{C00DC976-F23B-42EF-B22A-64B6E73B97CF}.Release|x86.Build.0 = Release|Win32
		{C00DC976-F23B-42EF-B22A-64B6E73B97CF}.TEST|x64.ActiveCfg = Static_lib|x64
		{C00DC976-F23B-42EF-B22A-64B6E73B97CF}.TEST|x64.Build.0 = Static_lib|x64
		{C00DC976-F23B-42EF-B22A-64B6E73B97CF}.TEST|x86.ActiveCfg = Static_lib|Win32
		{C00DC976-F23B-42EF-B22A-64B6E73B97CF}.TEST|x86.Build.0 = Static_lib|Win32
	EndGlobalSection
	GlobalSection(SolutionProperties) = preSolution
		HideSolutionNode = FALSE
	EndGlobalSection
	GlobalSection(ExtensibilityGlobals) = postSolution
		SolutionGuid = {2B62C5C1-461D-467B-9083-8A64461C3A49}
	EndGlobalSection
EndGlobal
